<?xml version="1.0" encoding="utf-8"?>
<Project ToolsVersion="4.0" xmlns="http://schemas.microsoft.com/developer/msbuild/2003">
  <ItemGroup>
    <Filter Include="File di origine">
      <UniqueIdentifier>{4FC737F1-C7A5-4376-A066-2A32D752A2FF}</UniqueIdentifier>
      <Extensions>cpp;c;cc;cxx;def;odl;idl;hpj;bat;asm;asmx</Extensions>
    </Filter>
    <Filter Include="File di intestazione">
      <UniqueIdentifier>{93995380-89BD-4b04-88EB-625FBE52EBFB}</UniqueIdentifier>
      <Extensions>h;hh;hpp;hxx;hm;inl;inc;ipp;xsd</Extensions>
    </Filter>
    <Filter Include="File di risorse">
      <UniqueIdentifier>{67DA6AB6-F800-4c08-8B7A-83BB121AAD01}</UniqueIdentifier>
      <Extensions>rc;ico;cur;bmp;dlg;rc2;rct;bin;rgs;gif;jpg;jpeg;jpe;resx;tiff;tif;png;wav;mfcribbon-ms</Extensions>
    </Filter>
  </ItemGroup>
  <ItemGroup>
    <ClCompile Include="src\Application.cpp">
      <Filter>File di origine</Filter>
    </ClCompile>
    <ClCompile Include="src\Renderer.cpp">
      <Filter>File di origine</Filter>
    </ClCompile>
    <ClCompile Include="src\VertexBuffer.cpp">
      <Filter>File di origine</Filter>
    </ClCompile>
    <ClCompile Include="src\IndexBuffer.cpp">
      <Filter>File di origine</Filter>
    </ClCompile>
    <ClCompile Include="src\VertexArray.cpp">
      <Filter>File di origine</Filter>
    </ClCompile>
    <ClCompile Include="src\Shader.cpp">
      <Filter>File di origine</Filter>
    </ClCompile>
    <ClCompile Include="src\vendor\stb_image\stb_image.cpp">
      <Filter>File di origine</Filter>
    </ClCompile>
    <ClCompile Include="src\Texture.cpp">
      <Filter>File di origine</Filter>
    </ClCompile>
    <ClCompile Include="src\vendor\imgui\imgui.cpp">
      <Filter>File di origine</Filter>
    </ClCompile>
    <ClCompile Include="src\vendor\imgui\imgui_demo.cpp">
      <Filter>File di origine</Filter>
    </ClCompile>
    <ClCompile Include="src\vendor\imgui\imgui_draw.cpp">
      <Filter>File di origine</Filter>
    </ClCompile>
    <ClCompile Include="src\vendor\imgui\imgui_widgets.cpp">
      <Filter>File di origine</Filter>
    </ClCompile>
    <ClCompile Include="src\vendor\imgui\imgui_impl_glfw.cpp">
      <Filter>File di origine</Filter>
    </ClCompile>
    <ClCompile Include="src\vendor\imgui\imgui_impl_opengl3.cpp">
      <Filter>File di origine</Filter>
    </ClCompile>
    <ClCompile Include="src\tests\TestClearColor.cpp">
      <Filter>File di origine</Filter>
    </ClCompile>
    <ClCompile Include="src\tests\Test.cpp">
      <Filter>File di origine</Filter>
    </ClCompile>
    <ClCompile Include="src\tests\TestTexture2D.cpp">
      <Filter>File di origine</Filter>
    </ClCompile>
    <ClCompile Include="src\tests\TestBatchRenderingQuads.cpp">
      <Filter>File di origine</Filter>
    </ClCompile>
    <ClCompile Include="src\tests\TestBatchRenderingColors.cpp">
      <Filter>File di origine</Filter>
    </ClCompile>
  </ItemGroup>
  <ItemGroup>
    <None Include="res\shaders\Basic.shader" />
    <None Include="imgui.ini" />
    <None Include="res\shaders\Texture.shader" />
    <None Include="res\shaders\BatchRendering.shader" />
  </ItemGroup>
  <ItemGroup>
    <ClInclude Include="src\Renderer.h">
      <Filter>File di intestazione</Filter>
    </ClInclude>
    <ClInclude Include="src\VertexBuffer.h">
      <Filter>File di intestazione</Filter>
    </ClInclude>
    <ClInclude Include="src\IndexBuffer.h">
      <Filter>File di intestazione</Filter>
    </ClInclude>
    <ClInclude Include="src\VertexArray.h">
      <Filter>File di intestazione</Filter>
    </ClInclude>
    <ClInclude Include="src\VertexBufferLayout.h">
      <Filter>File di intestazione</Filter>
    </ClInclude>
    <ClInclude Include="src\Shader.h">
      <Filter>File di intestazione</Filter>
    </ClInclude>
    <ClInclude Include="src\vendor\stb_image\stb_image.h">
      <Filter>File di intestazione</Filter>
    </ClInclude>
    <ClInclude Include="src\Texture.h">
      <Filter>File di intestazione</Filter>
    </ClInclude>
    <ClInclude Include="src\vendor\imgui\imconfig.h">
      <Filter>File di intestazione</Filter>
    </ClInclude>
    <ClInclude Include="src\vendor\imgui\imgui.h">
      <Filter>File di intestazione</Filter>
    </ClInclude>
    <ClInclude Include="src\vendor\imgui\imgui_internal.h">
      <Filter>File di intestazione</Filter>
    </ClInclude>
    <ClInclude Include="src\vendor\imgui\imstb_rectpack.h">
      <Filter>File di intestazione</Filter>
    </ClInclude>
    <ClInclude Include="src\vendor\imgui\imstb_textedit.h">
      <Filter>File di intestazione</Filter>
    </ClInclude>
    <ClInclude Include="src\vendor\imgui\imstb_truetype.h">
      <Filter>File di intestazione</Filter>
    </ClInclude>
    <ClInclude Include="src\vendor\imgui\imgui_impl_glfw.h">
      <Filter>File di intestazione</Filter>
    </ClInclude>
    <ClInclude Include="src\vendor\imgui\imgui_impl_opengl3.h">
      <Filter>File di intestazione</Filter>
    </ClInclude>
    <ClInclude Include="src\tests\Test.h">
      <Filter>File di intestazione</Filter>
    </ClInclude>
    <ClInclude Include="src\tests\TestClearColor.h">
      <Filter>File di intestazione</Filter>
    </ClInclude>
    <ClInclude Include="src\tests\TestTexture2D.h">
      <Filter>File di intestazione</Filter>
    </ClInclude>
    <ClInclude Include="src\tests\TestBatchRenderingQuads.h">
      <Filter>File di intestazione</Filter>
    </ClInclude>
    <ClInclude Include="src\tests\TestBatchRenderingColors.h">
      <Filter>File di intestazione</Filter>
    </ClInclude>
  </ItemGroup>
  <ItemGroup>
    <Image Include="res\textures\logo.png">
      <Filter>File di risorse</Filter>
    </Image>
  </ItemGroup>
</Project>